// !$*UTF8*$!
{
	archiveVersion = 1;
	classes = {
	};
	objectVersion = 56;
	objects = {

/* Begin PBXBuildFile section */
		491DEFA72906C49C00265F59 /* AppDelegate.swift in Sources */ = {isa = PBXBuildFile; fileRef = 491DEFA62906C49C00265F59 /* AppDelegate.swift */; };
		491DEFA92906C49C00265F59 /* SceneDelegate.swift in Sources */ = {isa = PBXBuildFile; fileRef = 491DEFA82906C49C00265F59 /* SceneDelegate.swift */; };
		491DEFAE2906C49C00265F59 /* Main.storyboard in Resources */ = {isa = PBXBuildFile; fileRef = 491DEFAC2906C49C00265F59 /* Main.storyboard */; };
		491DEFB02906C49D00265F59 /* Assets.xcassets in Resources */ = {isa = PBXBuildFile; fileRef = 491DEFAF2906C49D00265F59 /* Assets.xcassets */; };
		491DEFB32906C49D00265F59 /* LaunchScreen.storyboard in Resources */ = {isa = PBXBuildFile; fileRef = 491DEFB12906C49D00265F59 /* LaunchScreen.storyboard */; };
		491DEFBE2906C49D00265F59 /* QuizChallengeAppTests.swift in Sources */ = {isa = PBXBuildFile; fileRef = 491DEFBD2906C49D00265F59 /* QuizChallengeAppTests.swift */; };
		491DEFC82906C49D00265F59 /* QuizChallengeAppUITests.swift in Sources */ = {isa = PBXBuildFile; fileRef = 491DEFC72906C49D00265F59 /* QuizChallengeAppUITests.swift */; };
		491DEFCA2906C49D00265F59 /* QuizChallengeAppUITestsLaunchTests.swift in Sources */ = {isa = PBXBuildFile; fileRef = 491DEFC92906C49D00265F59 /* QuizChallengeAppUITestsLaunchTests.swift */; };
		491DEFD82906C67C00265F59 /* QuestionViewModel.swift in Sources */ = {isa = PBXBuildFile; fileRef = 491DEFD72906C67C00265F59 /* QuestionViewModel.swift */; };
		4947F1742906C85800426CC8 /* ViewController.swift in Sources */ = {isa = PBXBuildFile; fileRef = 4947F1732906C85800426CC8 /* ViewController.swift */; };
		4947F1772906C8D400426CC8 /* QuizViewController.swift in Sources */ = {isa = PBXBuildFile; fileRef = 4947F1762906C8D300426CC8 /* QuizViewController.swift */; };
		4947F1792906C8F600426CC8 /* ResultViewController.swift in Sources */ = {isa = PBXBuildFile; fileRef = 4947F1782906C8F600426CC8 /* ResultViewController.swift */; };
		4947F17C2906C92A00426CC8 /* QuizCollectionViewCell.swift in Sources */ = {isa = PBXBuildFile; fileRef = 4947F17B2906C92A00426CC8 /* QuizCollectionViewCell.swift */; };
		4947F17E2906C98600426CC8 /* QuestionModel.swift in Sources */ = {isa = PBXBuildFile; fileRef = 4947F17D2906C98600426CC8 /* QuestionModel.swift */; };
/* End PBXBuildFile section */

/* Begin PBXContainerItemProxy section */
		491DEFBA2906C49D00265F59 /* PBXContainerItemProxy */ = {
			isa = PBXContainerItemProxy;
			containerPortal = 491DEF9B2906C49C00265F59 /* Project object */;
			proxyType = 1;
			remoteGlobalIDString = 491DEFA22906C49C00265F59;
			remoteInfo = QuizChallengeApp;
		};
		491DEFC42906C49D00265F59 /* PBXContainerItemProxy */ = {
			isa = PBXContainerItemProxy;
			containerPortal = 491DEF9B2906C49C00265F59 /* Project object */;
			proxyType = 1;
			remoteGlobalIDString = 491DEFA22906C49C00265F59;
			remoteInfo = QuizChallengeApp;
		};
/* End PBXContainerItemProxy section */

/* Begin PBXFileReference section */
		491DEFA32906C49C00265F59 /* QuizChallengeApp.app */ = {isa = PBXFileReference; explicitFileType = wrapper.application; includeInIndex = 0; path = QuizChallengeApp.app; sourceTree = BUILT_PRODUCTS_DIR; };
		491DEFA62906C49C00265F59 /* AppDelegate.swift */ = {isa = PBXFileReference; lastKnownFileType = sourcecode.swift; path = AppDelegate.swift; sourceTree = "<group>"; };
		491DEFA82906C49C00265F59 /* SceneDelegate.swift */ = {isa = PBXFileReference; lastKnownFileType = sourcecode.swift; path = SceneDelegate.swift; sourceTree = "<group>"; };
		491DEFAD2906C49C00265F59 /* Base */ = {isa = PBXFileReference; lastKnownFileType = file.storyboard; name = Base; path = Base.lproj/Main.storyboard; sourceTree = "<group>"; };
		491DEFAF2906C49D00265F59 /* Assets.xcassets */ = {isa = PBXFileReference; lastKnownFileType = folder.assetcatalog; path = Assets.xcassets; sourceTree = "<group>"; };
		491DEFB22906C49D00265F59 /* Base */ = {isa = PBXFileReference; lastKnownFileType = file.storyboard; name = Base; path = Base.lproj/LaunchScreen.storyboard; sourceTree = "<group>"; };
		491DEFB42906C49D00265F59 /* Info.plist */ = {isa = PBXFileReference; lastKnownFileType = text.plist.xml; path = Info.plist; sourceTree = "<group>"; };
		491DEFB92906C49D00265F59 /* QuizChallengeAppTests.xctest */ = {isa = PBXFileReference; explicitFileType = wrapper.cfbundle; includeInIndex = 0; path = QuizChallengeAppTests.xctest; sourceTree = BUILT_PRODUCTS_DIR; };
		491DEFBD2906C49D00265F59 /* QuizChallengeAppTests.swift */ = {isa = PBXFileReference; lastKnownFileType = sourcecode.swift; path = QuizChallengeAppTests.swift; sourceTree = "<group>"; };
		491DEFC32906C49D00265F59 /* QuizChallengeAppUITests.xctest */ = {isa = PBXFileReference; explicitFileType = wrapper.cfbundle; includeInIndex = 0; path = QuizChallengeAppUITests.xctest; sourceTree = BUILT_PRODUCTS_DIR; };
		491DEFC72906C49D00265F59 /* QuizChallengeAppUITests.swift */ = {isa = PBXFileReference; lastKnownFileType = sourcecode.swift; path = QuizChallengeAppUITests.swift; sourceTree = "<group>"; };
		491DEFC92906C49D00265F59 /* QuizChallengeAppUITestsLaunchTests.swift */ = {isa = PBXFileReference; lastKnownFileType = sourcecode.swift; path = QuizChallengeAppUITestsLaunchTests.swift; sourceTree = "<group>"; };
		491DEFD72906C67C00265F59 /* QuestionViewModel.swift */ = {isa = PBXFileReference; lastKnownFileType = sourcecode.swift; path = QuestionViewModel.swift; sourceTree = "<group>"; };
		4947F1732906C85800426CC8 /* ViewController.swift */ = {isa = PBXFileReference; lastKnownFileType = sourcecode.swift; path = ViewController.swift; sourceTree = "<group>"; };
		4947F1762906C8D300426CC8 /* QuizViewController.swift */ = {isa = PBXFileReference; lastKnownFileType = sourcecode.swift; path = QuizViewController.swift; sourceTree = "<group>"; };
		4947F1782906C8F600426CC8 /* ResultViewController.swift */ = {isa = PBXFileReference; lastKnownFileType = sourcecode.swift; path = ResultViewController.swift; sourceTree = "<group>"; };
		4947F17B2906C92A00426CC8 /* QuizCollectionViewCell.swift */ = {isa = PBXFileReference; lastKnownFileType = sourcecode.swift; path = QuizCollectionViewCell.swift; sourceTree = "<group>"; };
		4947F17D2906C98600426CC8 /* QuestionModel.swift */ = {isa = PBXFileReference; lastKnownFileType = sourcecode.swift; path = QuestionModel.swift; sourceTree = "<group>"; };
/* End PBXFileReference section */

/* Begin PBXFrameworksBuildPhase section */
		491DEFA02906C49C00265F59 /* Frameworks */ = {
			isa = PBXFrameworksBuildPhase;
			buildActionMask = 2147483647;
			files = (
			);
			runOnlyForDeploymentPostprocessing = 0;
		};
		491DEFB62906C49D00265F59 /* Frameworks */ = {
			isa = PBXFrameworksBuildPhase;
			buildActionMask = 2147483647;
			files = (
			);
			runOnlyForDeploymentPostprocessing = 0;
		};
		491DEFC02906C49D00265F59 /* Frameworks */ = {
			isa = PBXFrameworksBuildPhase;
			buildActionMask = 2147483647;
			files = (
			);
			runOnlyForDeploymentPostprocessing = 0;
		};
/* End PBXFrameworksBuildPhase section */

/* Begin PBXGroup section */
		491DEF9A2906C49C00265F59 = {
			isa = PBXGroup;
			children = (
				491DEFA52906C49C00265F59 /* QuizChallengeApp */,
				491DEFBC2906C49D00265F59 /* QuizChallengeAppTests */,
				491DEFC62906C49D00265F59 /* QuizChallengeAppUITests */,
				491DEFA42906C49C00265F59 /* Products */,
			);
			sourceTree = "<group>";
		};
		491DEFA42906C49C00265F59 /* Products */ = {
			isa = PBXGroup;
			children = (
				491DEFA32906C49C00265F59 /* QuizChallengeApp.app */,
				491DEFB92906C49D00265F59 /* QuizChallengeAppTests.xctest */,
				491DEFC32906C49D00265F59 /* QuizChallengeAppUITests.xctest */,
			);
			name = Products;
			sourceTree = "<group>";
		};
		491DEFA52906C49C00265F59 /* QuizChallengeApp */ = {
			isa = PBXGroup;
			children = (
				491DEFD62906C63C00265F59 /* ViewModel */,
				4947F1722906C83500426CC8 /* Controller */,
				4947F1752906C87400426CC8 /* Model */,
				491DEFA62906C49C00265F59 /* AppDelegate.swift */,
				491DEFA82906C49C00265F59 /* SceneDelegate.swift */,
				491DEFAF2906C49D00265F59 /* Assets.xcassets */,
				491DEFAC2906C49C00265F59 /* Main.storyboard */,
				491DEFB12906C49D00265F59 /* LaunchScreen.storyboard */,
				491DEFB42906C49D00265F59 /* Info.plist */,
			);
			path = QuizChallengeApp;
			sourceTree = "<group>";
		};
		491DEFBC2906C49D00265F59 /* QuizChallengeAppTests */ = {
			isa = PBXGroup;
			children = (
				491DEFBD2906C49D00265F59 /* QuizChallengeAppTests.swift */,
			);
			path = QuizChallengeAppTests;
			sourceTree = "<group>";
		};
		491DEFC62906C49D00265F59 /* QuizChallengeAppUITests */ = {
			isa = PBXGroup;
			children = (
				491DEFC72906C49D00265F59 /* QuizChallengeAppUITests.swift */,
				491DEFC92906C49D00265F59 /* QuizChallengeAppUITestsLaunchTests.swift */,
			);
			path = QuizChallengeAppUITests;
			sourceTree = "<group>";
		};
		491DEFD62906C63C00265F59 /* ViewModel */ = {
			isa = PBXGroup;
			children = (
				491DEFD72906C67C00265F59 /* QuestionViewModel.swift */,
			);
			path = ViewModel;
			sourceTree = "<group>";
		};
		4947F1722906C83500426CC8 /* Controller */ = {
			isa = PBXGroup;
			children = (
				4947F1732906C85800426CC8 /* ViewController.swift */,
				4947F1762906C8D300426CC8 /* QuizViewController.swift */,
				4947F1782906C8F600426CC8 /* ResultViewController.swift */,
				4947F17B2906C92A00426CC8 /* QuizCollectionViewCell.swift */,
			);
			path = Controller;
			sourceTree = "<group>";
		};
		4947F1752906C87400426CC8 /* Model */ = {
			isa = PBXGroup;
			children = (
				4947F17D2906C98600426CC8 /* QuestionModel.swift */,
			);
			path = Model;
			sourceTree = "<group>";
		};
/* End PBXGroup section */

/* Begin PBXNativeTarget section */
		491DEFA22906C49C00265F59 /* QuizChallengeApp */ = {
			isa = PBXNativeTarget;
			buildConfigurationList = 491DEFCD2906C49D00265F59 /* Build configuration list for PBXNativeTarget "QuizChallengeApp" */;
			buildPhases = (
				491DEF9F2906C49C00265F59 /* Sources */,
				491DEFA02906C49C00265F59 /* Frameworks */,
				491DEFA12906C49C00265F59 /* Resources */,
			);
			buildRules = (
			);
			dependencies = (
			);
			name = QuizChallengeApp;
			productName = QuizChallengeApp;
			productReference = 491DEFA32906C49C00265F59 /* QuizChallengeApp.app */;
			productType = "com.apple.product-type.application";
		};
		491DEFB82906C49D00265F59 /* QuizChallengeAppTests */ = {
			isa = PBXNativeTarget;
			buildConfigurationList = 491DEFD02906C49D00265F59 /* Build configuration list for PBXNativeTarget "QuizChallengeAppTests" */;
			buildPhases = (
				491DEFB52906C49D00265F59 /* Sources */,
				491DEFB62906C49D00265F59 /* Frameworks */,
				491DEFB72906C49D00265F59 /* Resources */,
			);
			buildRules = (
			);
			dependencies = (
				491DEFBB2906C49D00265F59 /* PBXTargetDependency */,
			);
			name = QuizChallengeAppTests;
			productName = QuizChallengeAppTests;
			productReference = 491DEFB92906C49D00265F59 /* QuizChallengeAppTests.xctest */;
			productType = "com.apple.product-type.bundle.unit-test";
		};
		491DEFC22906C49D00265F59 /* QuizChallengeAppUITests */ = {
			isa = PBXNativeTarget;
			buildConfigurationList = 491DEFD32906C49D00265F59 /* Build configuration list for PBXNativeTarget "QuizChallengeAppUITests" */;
			buildPhases = (
				491DEFBF2906C49D00265F59 /* Sources */,
				491DEFC02906C49D00265F59 /* Frameworks */,
				491DEFC12906C49D00265F59 /* Resources */,
			);
			buildRules = (
			);
			dependencies = (
				491DEFC52906C49D00265F59 /* PBXTargetDependency */,
			);
			name = QuizChallengeAppUITests;
			productName = QuizChallengeAppUITests;
			productReference = 491DEFC32906C49D00265F59 /* QuizChallengeAppUITests.xctest */;
			productType = "com.apple.product-type.bundle.ui-testing";
		};
/* End PBXNativeTarget section */

/* Begin PBXProject section */
		491DEF9B2906C49C00265F59 /* Project object */ = {
			isa = PBXProject;
			attributes = {
				BuildIndependentTargetsInParallel = 1;
				LastSwiftUpdateCheck = 1400;
				LastUpgradeCheck = 1400;
				TargetAttributes = {
					491DEFA22906C49C00265F59 = {
						CreatedOnToolsVersion = 14.0.1;
					};
					491DEFB82906C49D00265F59 = {
						CreatedOnToolsVersion = 14.0.1;
						TestTargetID = 491DEFA22906C49C00265F59;
					};
					491DEFC22906C49D00265F59 = {
						CreatedOnToolsVersion = 14.0.1;
						TestTargetID = 491DEFA22906C49C00265F59;
					};
				};
			};
			buildConfigurationList = 491DEF9E2906C49C00265F59 /* Build configuration list for PBXProject "QuizChallengeApp" */;
			compatibilityVersion = "Xcode 14.0";
			developmentRegion = en;
			hasScannedForEncodings = 0;
			knownRegions = (
				en,
				Base,
			);
			mainGroup = 491DEF9A2906C49C00265F59;
			productRefGroup = 491DEFA42906C49C00265F59 /* Products */;
			projectDirPath = "";
			projectRoot = "";
			targets = (
				491DEFA22906C49C00265F59 /* QuizChallengeApp */,
				491DEFB82906C49D00265F59 /* QuizChallengeAppTests */,
				491DEFC22906C49D00265F59 /* QuizChallengeAppUITests */,
			);
		};
/* End PBXProject section */

/* Begin PBXResourcesBuildPhase section */
		491DEFA12906C49C00265F59 /* Resources */ = {
			isa = PBXResourcesBuildPhase;
			buildActionMask = 2147483647;
			files = (
				491DEFB32906C49D00265F59 /* LaunchScreen.storyboard in Resources */,
				491DEFB02906C49D00265F59 /* Assets.xcassets in Resources */,
				491DEFAE2906C49C00265F59 /* Main.storyboard in Resources */,
			);
			runOnlyForDeploymentPostprocessing = 0;
		};
		491DEFB72906C49D00265F59 /* Resources */ = {
			isa = PBXResourcesBuildPhase;
			buildActionMask = 2147483647;
			files = (
			);
			runOnlyForDeploymentPostprocessing = 0;
		};
		491DEFC12906C49D00265F59 /* Resources */ = {
			isa = PBXResourcesBuildPhase;
			buildActionMask = 2147483647;
			files = (
			);
			runOnlyForDeploymentPostprocessing = 0;
		};
/* End PBXResourcesBuildPhase section */

/* Begin PBXSourcesBuildPhase section */
		491DEF9F2906C49C00265F59 /* Sources */ = {
			isa = PBXSourcesBuildPhase;
			buildActionMask = 2147483647;
			files = (
				4947F1742906C85800426CC8 /* ViewController.swift in Sources */,
				4947F1772906C8D400426CC8 /* QuizViewController.swift in Sources */,
				491DEFA72906C49C00265F59 /* AppDelegate.swift in Sources */,
				491DEFD82906C67C00265F59 /* QuestionViewModel.swift in Sources */,
				491DEFA92906C49C00265F59 /* SceneDelegate.swift in Sources */,
				4947F17C2906C92A00426CC8 /* QuizCollectionViewCell.swift in Sources */,
				4947F1792906C8F600426CC8 /* ResultViewController.swift in Sources */,
				4947F17E2906C98600426CC8 /* QuestionModel.swift in Sources */,
			);
			runOnlyForDeploymentPostprocessing = 0;
		};
		491DEFB52906C49D00265F59 /* Sources */ = {
			isa = PBXSourcesBuildPhase;
			buildActionMask = 2147483647;
			files = (
				491DEFBE2906C49D00265F59 /* QuizChallengeAppTests.swift in Sources */,
			);
			runOnlyForDeploymentPostprocessing = 0;
		};
		491DEFBF2906C49D00265F59 /* Sources */ = {
			isa = PBXSourcesBuildPhase;
			buildActionMask = 2147483647;
			files = (
				491DEFC82906C49D00265F59 /* QuizChallengeAppUITests.swift in Sources */,
				491DEFCA2906C49D00265F59 /* QuizChallengeAppUITestsLaunchTests.swift in Sources */,
			);
			runOnlyForDeploymentPostprocessing = 0;
		};
/* End PBXSourcesBuildPhase section */

/* Begin PBXTargetDependency section */
		491DEFBB2906C49D00265F59 /* PBXTargetDependency */ = {
			isa = PBXTargetDependency;
			target = 491DEFA22906C49C00265F59 /* QuizChallengeApp */;
			targetProxy = 491DEFBA2906C49D00265F59 /* PBXContainerItemProxy */;
		};
		491DEFC52906C49D00265F59 /* PBXTargetDependency */ = {
			isa = PBXTargetDependency;
			target = 491DEFA22906C49C00265F59 /* QuizChallengeApp */;
			targetProxy = 491DEFC42906C49D00265F59 /* PBXContainerItemProxy */;
		};
/* End PBXTargetDependency section */

/* Begin PBXVariantGroup section */
		491DEFAC2906C49C00265F59 /* Main.storyboard */ = {
			isa = PBXVariantGroup;
			children = (
				491DEFAD2906C49C00265F59 /* Base */,
			);
			name = Main.storyboard;
			sourceTree = "<group>";
		};
		491DEFB12906C49D00265F59 /* LaunchScreen.storyboard */ = {
			isa = PBXVariantGroup;
			children = (
				491DEFB22906C49D00265F59 /* Base */,
			);
			name = LaunchScreen.storyboard;
			sourceTree = "<group>";
		};
/* End PBXVariantGroup section */

/* Begin XCBuildConfiguration section */
		491DEFCB2906C49D00265F59 /* Debug */ = {
			isa = XCBuildConfiguration;
			buildSettings = {
				ALWAYS_SEARCH_USER_PATHS = NO;
				CLANG_ANALYZER_NONNULL = YES;
				CLANG_ANALYZER_NUMBER_OBJECT_CONVERSION = YES_AGGRESSIVE;
				CLANG_CXX_LANGUAGE_STANDARD = "gnu++20";
				CLANG_ENABLE_MODULES = YES;
				CLANG_ENABLE_OBJC_ARC = YES;
				CLANG_ENABLE_OBJC_WEAK = YES;
				CLANG_WARN_BLOCK_CAPTURE_AUTORELEASING = YES;
				CLANG_WARN_BOOL_CONVERSION = YES;
				CLANG_WARN_COMMA = YES;
				CLANG_WARN_CONSTANT_CONVERSION = YES;
				CLANG_WARN_DEPRECATED_OBJC_IMPLEMENTATIONS = YES;
				CLANG_WARN_DIRECT_OBJC_ISA_USAGE = YES_ERROR;
				CLANG_WARN_DOCUMENTATION_COMMENTS = YES;
				CLANG_WARN_EMPTY_BODY = YES;
				CLANG_WARN_ENUM_CONVERSION = YES;
				CLANG_WARN_INFINITE_RECURSION = YES;
				CLANG_WARN_INT_CONVERSION = YES;
				CLANG_WARN_NON_LITERAL_NULL_CONVERSION = YES;
				CLANG_WARN_OBJC_IMPLICIT_RETAIN_SELF = YES;
				CLANG_WARN_OBJC_LITERAL_CONVERSION = YES;
				CLANG_WARN_OBJC_ROOT_CLASS = YES_ERROR;
				CLANG_WARN_QUOTED_INCLUDE_IN_FRAMEWORK_HEADER = YES;
				CLANG_WARN_RANGE_LOOP_ANALYSIS = YES;
				CLANG_WARN_STRICT_PROTOTYPES = YES;
				CLANG_WARN_SUSPICIOUS_MOVE = YES;
				CLANG_WARN_UNGUARDED_AVAILABILITY = YES_AGGRESSIVE;
				CLANG_WARN_UNREACHABLE_CODE = YES;
				CLANG_WARN__DUPLICATE_METHOD_MATCH = YES;
				COPY_PHASE_STRIP = NO;
				DEBUG_INFORMATION_FORMAT = dwarf;
				ENABLE_STRICT_OBJC_MSGSEND = YES;
				ENABLE_TESTABILITY = YES;
				GCC_C_LANGUAGE_STANDARD = gnu11;
				GCC_DYNAMIC_NO_PIC = NO;
				GCC_NO_COMMON_BLOCKS = YES;
				GCC_OPTIMIZATION_LEVEL = 0;
				GCC_PREPROCESSOR_DEFINITIONS = (
					"DEBUG=1",
					"$(inherited)",
				);
				GCC_WARN_64_TO_32_BIT_CONVERSION = YES;
				GCC_WARN_ABOUT_RETURN_TYPE = YES_ERROR;
				GCC_WARN_UNDECLARED_SELECTOR = YES;
				GCC_WARN_UNINITIALIZED_AUTOS = YES_AGGRESSIVE;
				GCC_WARN_UNUSED_FUNCTION = YES;
				GCC_WARN_UNUSED_VARIABLE = YES;
				IPHONEOS_DEPLOYMENT_TARGET = 16.0;
				MTL_ENABLE_DEBUG_INFO = INCLUDE_SOURCE;
				MTL_FAST_MATH = YES;
				ONLY_ACTIVE_ARCH = YES;
				SDKROOT = iphoneos;
				SWIFT_ACTIVE_COMPILATION_CONDITIONS = DEBUG;
				SWIFT_OPTIMIZATION_LEVEL = "-Onone";
			};
			name = Debug;
		};
		491DEFCC2906C49D00265F59 /* Release */ = {
			isa = XCBuildConfiguration;
			buildSettings = {
				ALWAYS_SEARCH_USER_PATHS = NO;
				CLANG_ANALYZER_NONNULL = YES;
				CLANG_ANALYZER_NUMBER_OBJECT_CONVERSION = YES_AGGRESSIVE;
				CLANG_CXX_LANGUAGE_STANDARD = "gnu++20";
				CLANG_ENABLE_MODULES = YES;
				CLANG_ENABLE_OBJC_ARC = YES;
				CLANG_ENABLE_OBJC_WEAK = YES;
				CLANG_WARN_BLOCK_CAPTURE_AUTORELEASING = YES;
				CLANG_WARN_BOOL_CONVERSION = YES;
				CLANG_WARN_COMMA = YES;
				CLANG_WARN_CONSTANT_CONVERSION = YES;
				CLANG_WARN_DEPRECATED_OBJC_IMPLEMENTATIONS = YES;
				CLANG_WARN_DIRECT_OBJC_ISA_USAGE = YES_ERROR;
				CLANG_WARN_DOCUMENTATION_COMMENTS = YES;
				CLANG_WARN_EMPTY_BODY = YES;
				CLANG_WARN_ENUM_CONVERSION = YES;
				CLANG_WARN_INFINITE_RECURSION = YES;
				CLANG_WARN_INT_CONVERSION = YES;
				CLANG_WARN_NON_LITERAL_NULL_CONVERSION = YES;
				CLANG_WARN_OBJC_IMPLICIT_RETAIN_SELF = YES;
				CLANG_WARN_OBJC_LITERAL_CONVERSION = YES;
				CLANG_WARN_OBJC_ROOT_CLASS = YES_ERROR;
				CLANG_WARN_QUOTED_INCLUDE_IN_FRAMEWORK_HEADER = YES;
				CLANG_WARN_RANGE_LOOP_ANALYSIS = YES;
				CLANG_WARN_STRICT_PROTOTYPES = YES;
				CLANG_WARN_SUSPICIOUS_MOVE = YES;
				CLANG_WARN_UNGUARDED_AVAILABILITY = YES_AGGRESSIVE;
				CLANG_WARN_UNREACHABLE_CODE = YES;
				CLANG_WARN__DUPLICATE_METHOD_MATCH = YES;
				COPY_PHASE_STRIP = NO;
				DEBUG_INFORMATION_FORMAT = "dwarf-with-dsym";
				ENABLE_NS_ASSERTIONS = NO;
				ENABLE_STRICT_OBJC_MSGSEND = YES;
				GCC_C_LANGUAGE_STANDARD = gnu11;
				GCC_NO_COMMON_BLOCKS = YES;
				GCC_WARN_64_TO_32_BIT_CONVERSION = YES;
				GCC_WARN_ABOUT_RETURN_TYPE = YES_ERROR;
				GCC_WARN_UNDECLARED_SELECTOR = YES;
				GCC_WARN_UNINITIALIZED_AUTOS = YES_AGGRESSIVE;
				GCC_WARN_UNUSED_FUNCTION = YES;
				GCC_WARN_UNUSED_VARIABLE = YES;
				IPHONEOS_DEPLOYMENT_TARGET = 16.0;
				MTL_ENABLE_DEBUG_INFO = NO;
				MTL_FAST_MATH = YES;
				SDKROOT = iphoneos;
				SWIFT_COMPILATION_MODE = wholemodule;
				SWIFT_OPTIMIZATION_LEVEL = "-O";
				VALIDATE_PRODUCT = YES;
			};
			name = Release;
		};
		491DEFCE2906C49D00265F59 /* Debug */ = {
			isa = XCBuildConfiguration;
			buildSettings = {
				ASSETCATALOG_COMPILER_APPICON_NAME = AppIcon;
				ASSETCATALOG_COMPILER_GLOBAL_ACCENT_COLOR_NAME = AccentColor;
				CODE_SIGN_STYLE = Automatic;
				CURRENT_PROJECT_VERSION = 1;
				DEVELOPMENT_TEAM = 3S22856DS9;
				GENERATE_INFOPLIST_FILE = YES;
				INFOPLIST_FILE = QuizChallengeApp/Info.plist;
				INFOPLIST_KEY_UIApplicationSupportsIndirectInputEvents = YES;
				INFOPLIST_KEY_UILaunchStoryboardName = LaunchScreen;
				INFOPLIST_KEY_UIMainStoryboardFile = Main;
				INFOPLIST_KEY_UISupportedInterfaceOrientations_iPad = "UIInterfaceOrientationPortrait UIInterfaceOrientationPortraitUpsideDown UIInterfaceOrientationLandscapeLeft UIInterfaceOrientationLandscapeRight";
				INFOPLIST_KEY_UISupportedInterfaceOrientations_iPhone = "UIInterfaceOrientationPortrait UIInterfaceOrientationLandscapeLeft UIInterfaceOrientationLandscapeRight";
				LD_RUNPATH_SEARCH_PATHS = (
					"$(inherited)",
					"@executable_path/Frameworks",
				);
				MARKETING_VERSION = 1.0;
				PRODUCT_BUNDLE_IDENTIFIER = swift.QuizChallengeApp;
				PRODUCT_NAME = "$(TARGET_NAME)";
				SWIFT_EMIT_LOC_STRINGS = YES;
				SWIFT_VERSION = 5.0;
				TARGETED_DEVICE_FAMILY = "1,2";
			};
			name = Debug;
		};
		491DEFCF2906C49D00265F59 /* Release */ = {
			isa = XCBuildConfiguration;
			buildSettings = {
				ASSETCATALOG_COMPILER_APPICON_NAME = AppIcon;
				ASSETCATALOG_COMPILER_GLOBAL_ACCENT_COLOR_NAME = AccentColor;
				CODE_SIGN_STYLE = Automatic;
				CURRENT_PROJECT_VERSION = 1;
				DEVELOPMENT_TEAM = 3S22856DS9;
				GENERATE_INFOPLIST_FILE = YES;
				INFOPLIST_FILE = QuizChallengeApp/Info.plist;
				INFOPLIST_KEY_UIApplicationSupportsIndirectInputEvents = YES;
				INFOPLIST_KEY_UILaunchStoryboardName = LaunchScreen;
				INFOPLIST_KEY_UIMainStoryboardFile = Main;
				INFOPLIST_KEY_UISupportedInterfaceOrientations_iPad = "UIInterfaceOrientationPortrait UIInterfaceOrientationPortraitUpsideDown UIInterfaceOrientationLandscapeLeft UIInterfaceOrientationLandscapeRight";
				INFOPLIST_KEY_UISupportedInterfaceOrientations_iPhone = "UIInterfaceOrientationPortrait UIInterfaceOrientationLandscapeLeft UIInterfaceOrientationLandscapeRight";
				LD_RUNPATH_SEARCH_PATHS = (
					"$(inherited)",
					"@executable_path/Frameworks",
				);
				MARKETING_VERSION = 1.0;
				PRODUCT_BUNDLE_IDENTIFIER = swift.QuizChallengeApp;
				PRODUCT_NAME = "$(TARGET_NAME)";
				SWIFT_EMIT_LOC_STRINGS = YES;
				SWIFT_VERSION = 5.0;
				TARGETED_DEVICE_FAMILY = "1,2";
			};
			name = Release;
		};
		491DEFD12906C49D00265F59 /* Debug */ = {
			isa = XCBuildConfiguration;
			buildSettings = {
				ALWAYS_EMBED_SWIFT_STANDARD_LIBRARIES = YES;
				BUNDLE_LOADER = "$(TEST_HOST)";
				CODE_SIGN_STYLE = Automatic;
				CURRENT_PROJECT_VERSION = 1;
				DEVELOPMENT_TEAM = 3S22856DS9;
				GENERATE_INFOPLIST_FILE = YES;
				IPHONEOS_DEPLOYMENT_TARGET = 16.0;
				MARKETING_VERSION = 1.0;
				PRODUCT_BUNDLE_IDENTIFIER = swift.QuizChallengeAppTests;
				PRODUCT_NAME = "$(TARGET_NAME)";
				SWIFT_EMIT_LOC_STRINGS = NO;
				SWIFT_VERSION = 5.0;
				TARGETED_DEVICE_FAMILY = "1,2";
				TEST_HOST = "$(BUILT_PRODUCTS_DIR)/QuizChallengeApp.app/$(BUNDLE_EXECUTABLE_FOLDER_PATH)/QuizChallengeApp";
			};
			name = Debug;
		};
		491DEFD22906C49D00265F59 /* Release */ = {
			isa = XCBuildConfiguration;
			buildSettings = {
				ALWAYS_EMBED_SWIFT_STANDARD_LIBRARIES = YES;
				BUNDLE_LOADER = "$(TEST_HOST)";
				CODE_SIGN_STYLE = Automatic;
				CURRENT_PROJECT_VERSION = 1;
				DEVELOPMENT_TEAM = 3S22856DS9;
				GENERATE_INFOPLIST_FILE = YES;
				IPHONEOS_DEPLOYMENT_TARGET = 16.0;
				MARKETING_VERSION = 1.0;
				PRODUCT_BUNDLE_IDENTIFIER = swift.QuizChallengeAppTests;
				PRODUCT_NAME = "$(TARGET_NAME)";
				SWIFT_EMIT_LOC_STRINGS = NO;
				SWIFT_VERSION = 5.0;
				TARGETED_DEVICE_FAMILY = "1,2";
				TEST_HOST = "$(BUILT_PRODUCTS_DIR)/QuizChallengeApp.app/$(BUNDLE_EXECUTABLE_FOLDER_PATH)/QuizChallengeApp";
			};
			name = Release;
		};
		491DEFD42906C49D00265F59 /* Debug */ = {
			isa = XCBuildConfiguration;
			buildSettings = {
				ALWAYS_EMBED_SWIFT_STANDARD_LIBRARIES = YES;
				CODE_SIGN_STYLE = Automatic;
				CURRENT_PROJECT_VERSION = 1;
				DEVELOPMENT_TEAM = 3S22856DS9;
				GENERATE_INFOPLIST_FILE = YES;
				MARKETING_VERSION = 1.0;
				PRODUCT_BUNDLE_IDENTIFIER = swift.QuizChallengeAppUITests;
				PRODUCT_NAME = "$(TARGET_NAME)";
				SWIFT_EMIT_LOC_STRINGS = NO;
				SWIFT_VERSION = 5.0;
				TARGETED_DEVICE_FAMILY = "1,2";
				TEST_TARGET_NAME = QuizChallengeApp;
			};
			name = Debug;
		};
		491DEFD52906C49D00265F59 /* Release */ = {
			isa = XCBuildConfiguration;
			buildSettings = {
				ALWAYS_EMBED_SWIFT_STANDARD_LIBRARIES = YES;
				CODE_SIGN_STYLE = Automatic;
				CURRENT_PROJECT_VERSION = 1;
				DEVELOPMENT_TEAM = 3S22856DS9;
				GENERATE_INFOPLIST_FILE = YES;
				MARKETING_VERSION = 1.0;
				PRODUCT_BUNDLE_IDENTIFIER = swift.QuizChallengeAppUITests;
				PRODUCT_NAME = "$(TARGET_NAME)";
				SWIFT_EMIT_LOC_STRINGS = NO;
				SWIFT_VERSION = 5.0;
				TARGETED_DEVICE_FAMILY = "1,2";
				TEST_TARGET_NAME = QuizChallengeApp;
			};
			name = Release;
		};
/* End XCBuildConfiguration section */

/* Begin XCConfigurationList section */
		491DEF9E2906C49C00265F59 /* Build configuration list for PBXProject "QuizChallengeApp" */ = {
			isa = XCConfigurationList;
			buildConfigurations = (
				491DEFCB2906C49D00265F59 /* Debug */,
				491DEFCC2906C49D00265F59 /* Release */,
			);
			defaultConfigurationIsVisible = 0;
			defaultConfigurationName = Release;
		};
		491DEFCD2906C49D00265F59 /* Build configuration list for PBXNativeTarget "QuizChallengeApp" */ = {
			isa = XCConfigurationList;
			buildConfigurations = (
				491DEFCE2906C49D00265F59 /* Debug */,
				491DEFCF2906C49D00265F59 /* Release */,
			);
			defaultConfigurationIsVisible = 0;
			defaultConfigurationName = Release;
		};
		491DEFD02906C49D00265F59 /* Build configuration list for PBXNativeTarget "QuizChallengeAppTests" */ = {
			isa = XCConfigurationList;
			buildConfigurations = (
				491DEFD12906C49D00265F59 /* Debug */,
				491DEFD22906C49D00265F59 /* Release */,
			);
			defaultConfigurationIsVisible = 0;
			defaultConfigurationName = Release;
		};
		491DEFD32906C49D00265F59 /* Build configuration list for PBXNativeTarget "QuizChallengeAppUITests" */ = {
			isa = XCConfigurationList;
			buildConfigurations = (
				491DEFD42906C49D00265F59 /* Debug */,
				491DEFD52906C49D00265F59 /* Release */,
			);
			defaultConfigurationIsVisible = 0;
			defaultConfigurationName = Release;
		};
/* End XCConfigurationList section */
	};
	rootObject = 491DEF9B2906C49C00265F59 /* Project object */;
}
